{
  "projects": [
    {
      "projectId": "58GpZjZCWTaJ8AUhpCwt2K",
      "version": "3.8.0",
      "dependencies": {},
      "lang": "ts",
      "fileLocks": [
        {
          "assetId": "58GpZjZCWTaJ8AUhpCwt2K",
          "type": "projectCss",
          "checksum": "dbf25c878cd885da8866557c058b53ff"
        }
      ],
      "codegenVersion": "0.0.1"
    },
    {
      "projectId": "kHKDxG4mQC7eBDvtRUBubb",
      "version": "latest",
      "dependencies": {
        "58GpZjZCWTaJ8AUhpCwt2K": "3.8.0"
      },
      "lang": "ts",
      "fileLocks": [
        {
          "type": "globalVariant",
          "assetId": "h9FRbu8uxQshb",
          "checksum": "10b7015710ea29a645a540f57a14fd9f"
        },
        {
          "type": "renderModule",
          "assetId": "y4uRorlGru3J",
          "checksum": "3ce5fda63160269c64a290a8cda4c0c4"
        },
        {
          "type": "cssRules",
          "assetId": "y4uRorlGru3J",
          "checksum": "3ce5fda63160269c64a290a8cda4c0c4"
        },
        {
          "type": "renderModule",
          "assetId": "xeRLPiLVEkvoU",
          "checksum": "8cbad7c561d7ea30c28c3d0c3a58dfc9"
        },
        {
          "type": "cssRules",
          "assetId": "xeRLPiLVEkvoU",
          "checksum": "8cbad7c561d7ea30c28c3d0c3a58dfc9"
        },
        {
          "type": "renderModule",
          "assetId": "kyfQho-95sNTo",
          "checksum": "8675da6f426b562f98d96df6817695fe"
        },
        {
          "type": "cssRules",
          "assetId": "kyfQho-95sNTo",
          "checksum": "8675da6f426b562f98d96df6817695fe"
        },
        {
          "type": "renderModule",
          "assetId": "GNFgpNFk8E3PZ",
          "checksum": "0f22aac7f3512519026e814b5e5ce39c"
        },
        {
          "type": "cssRules",
          "assetId": "GNFgpNFk8E3PZ",
          "checksum": "0f22aac7f3512519026e814b5e5ce39c"
        },
        {
          "type": "renderModule",
          "assetId": "AkRKLLayuUUX2",
          "checksum": "32aeab56a7c5a89ff4273b8bdfe599d5"
        },
        {
          "type": "cssRules",
          "assetId": "AkRKLLayuUUX2",
          "checksum": "32aeab56a7c5a89ff4273b8bdfe599d5"
        },
        {
          "type": "icon",
          "assetId": "TtTElwvh0AeFRR",
          "checksum": "0a08f9b2aec780ae7abb43a66774ed2e"
        },
        {
          "type": "icon",
          "assetId": "lQPCSOthOuEyZ3",
          "checksum": "e9127804b5e1499c0f219fee0a985d06"
        },
        {
          "type": "image",
          "assetId": "0rw4sKv49qjRBk",
          "checksum": "63114f794b7f5e7deb0470848b54d91b"
        },
        {
          "type": "image",
          "assetId": "e0RZRurD73f1GQ",
          "checksum": "0b8c2a857d06f521576acd3fe2d68ff6"
        },
        {
          "assetId": "kHKDxG4mQC7eBDvtRUBubb",
          "type": "projectCss",
          "checksum": "1370b206d89ac83868a26cb6bad70694"
        },
        {
          "type": "renderModule",
          "assetId": "qv_5q6xx24MsX",
          "checksum": "a08f09d692582d8b7eb1cf892f0469b9"
        },
        {
          "type": "cssRules",
          "assetId": "qv_5q6xx24MsX",
          "checksum": "a08f09d692582d8b7eb1cf892f0469b9"
        }
      ],
      "codegenVersion": "0.0.1"
    }
  ],
  "cliVersion": "0.1.194"
}
